
Microsoft Visual Studio Solution File, Format Version 12.00
# Visual Studio Version 17
VisualStudioVersion = 17.8.34330.188
MinimumVisualStudioVersion = 10.0.40219.1
Project("{FAE04EC0-301F-11D3-BF4B-00C04F79EFBC}") = "M03UF5AC3_EspanaJan", "M03UF5AC3_EspanaJan\M03UF5AC3_EspanaJan.csproj", "{62426056-D805-4F5D-B888-32019030A995}"
EndProject
Global
	GlobalSection(SolutionConfigurationPlatforms) = preSolution
		Debug|Any CPU = Debug|Any CPU
		Release|Any CPU = Release|Any CPU
	EndGlobalSection
	GlobalSection(ProjectConfigurationPlatforms) = postSolution
		{62426056-D805-4F5D-B888-32019030A995}.Debug|Any CPU.ActiveCfg = Debug|Any CPU
		{62426056-D805-4F5D-B888-32019030A995}.Debug|Any CPU.Build.0 = Debug|Any CPU
		{62426056-D805-4F5D-B888-32019030A995}.Release|Any CPU.ActiveCfg = Release|Any CPU
		{62426056-D805-4F5D-B888-32019030A995}.Release|Any CPU.Build.0 = Release|Any CPU
	EndGlobalSection
	GlobalSection(SolutionProperties) = preSolution
		HideSolutionNode = FALSE
	EndGlobalSection
	GlobalSection(ExtensibilityGlobals) = postSolution
		SolutionGuid = {09CB00CE-B849-4B89-B9E6-59CC151931C6}
	EndGlobalSection
EndGlobal
